// !$*UTF8*$!
{
	archiveVersion = 1;
	classes = {
	};
	objectVersion = 54;
	objects = {

/* Begin PBXBuildFile section */
		"05253F1B-F8EE-4F32-ABCE-8752A7491E5F" /* IpEndpointName.cpp in Sources */ = {isa = PBXBuildFile; fileRef = "7278D63A-0A59-4090-82BD-FA181BD8C4EF" /* IpEndpointName.cpp */; };
		"0604DCBD-8BC7-45C3-8C46-0F06F0191350" /* CommandLine.cpp in Sources */ = {isa = PBXBuildFile; fileRef = "520C3AE9-C89D-4BDC-A2B3-45023C31D7AC" /* CommandLine.cpp */; };
		"06E54644-6E5C-4C44-9EC2-0FC4922FBEDE" /* oscBindings.cpp in Sources */ = {isa = PBXBuildFile; fileRef = "63939530-AB9D-480D-A257-E22A85896515" /* oscBindings.cpp */; };
		"0A5D182E-BFFF-479D-BF50-3E21705E89D8" /* ofxSyphonServer.mm in Sources */ = {isa = PBXBuildFile; fileRef = "D866E0ED-3853-45CB-B300-AAE2E55C7F05" /* ofxSyphonServer.mm */; };
		"0F0F90FB-85B4-4D39-A6B9-062D5942426B" /* lopcodes.c in Sources */ = {isa = PBXBuildFile; fileRef = "B6BC3F9C-915C-49B7-A6FF-9A88BBC1FF1A" /* lopcodes.c */; };
		"10832BE2-587F-4307-8C75-354E65FFD8F3" /* lctype.c in Sources */ = {isa = PBXBuildFile; fileRef = "24AF73F3-190E-4DB2-9234-3FF5D04A240D" /* lctype.c */; };
		"16F3E5CC-BDD5-47CE-A364-8BF226617E1C" /* NetworkingUtils.cpp in Sources */ = {isa = PBXBuildFile; fileRef = "3F9DDDB7-FD94-4D56-A008-9948EAFB67B6" /* NetworkingUtils.cpp */; };
		"18DCEBCD-78DC-4310-AE6B-8B1A8E7F0B92" /* ldump.c in Sources */ = {isa = PBXBuildFile; fileRef = "E37FE261-4492-4A4E-B178-DFCFF29CB9FE" /* ldump.c */; };
		"2115AEFE-6982-4685-B5A3-956236EB2A3A" /* lzio.c in Sources */ = {isa = PBXBuildFile; fileRef = "01D0E984-8B23-4ADA-8AFA-101B8AF6F91F" /* lzio.c */; };
		"221813E7-B341-4686-92E2-871B8B49E1E0" /* lstring.c in Sources */ = {isa = PBXBuildFile; fileRef = "CC062EE3-534C-49B0-97B7-8278FD9BED2A" /* lstring.c */; };
		"2B9E8C9C-9A23-4DD1-82D8-5ABC94D28E93" /* ofxLua.cpp in Sources */ = {isa = PBXBuildFile; fileRef = "64FC9AC3-703C-4E2D-B301-9FD5F73A5C4A" /* ofxLua.cpp */; };
		"330681E0-09F3-4050-AE5B-E927A16E357A" /* lstrlib.c in Sources */ = {isa = PBXBuildFile; fileRef = "4EF6A233-234E-422C-9997-0E0D99FA069E" /* lstrlib.c */; };
		"3AC45A51-D202-4417-A798-CAB405B160C7" /* ldo.c in Sources */ = {isa = PBXBuildFile; fileRef = "18B2B557-2E86-413C-966E-5FFDA204AE7D" /* ldo.c */; };
		"3C603B6E-38F9-4981-8DB3-4148EA61C47E" /* loafBindings.cpp in Sources */ = {isa = PBXBuildFile; fileRef = "CD0D59D1-6299-4652-BEC2-B815BC78CB09" /* loafBindings.cpp */; };
		"3C7120DE-0C80-4EC9-8753-911D15B05FBE" /* lfunc.c in Sources */ = {isa = PBXBuildFile; fileRef = "7B55CBC0-8B9C-49DD-9FE6-F44E17560944" /* lfunc.c */; };
		"3E79F75B-F3F3-4362-94B3-EB05C7E902F1" /* lgc.c in Sources */ = {isa = PBXBuildFile; fileRef = "AB6D1A93-3B61-4A76-B242-164FE73EAC11" /* lgc.c */; };
		"3FC717CB-EA1A-4CCA-8424-1C4F998FD697" /* ofxSyphonServerDirectory.mm in Sources */ = {isa = PBXBuildFile; fileRef = "3E08D33B-D627-4E68-95F7-98B816609477" /* ofxSyphonServerDirectory.mm */; };
		"44CDB78A-6FBE-4A0B-8822-2CFFEECAE15F" /* lparser.c in Sources */ = {isa = PBXBuildFile; fileRef = "4C7F225C-853C-429F-BB81-5B12D2029268" /* lparser.c */; };
		"4F2D0EBE-A6BA-4928-BE5D-FDE2752BC681" /* linit.c in Sources */ = {isa = PBXBuildFile; fileRef = "213A8FD8-0D7E-4232-B700-856933330830" /* linit.c */; };
		"5008BC2C-0D88-4398-A0CC-E4CF13765843" /* Syphon.framework in CopyFiles */ = {isa = PBXBuildFile; fileRef = "AC1179B2-5AEE-4639-8BA2-D65EE22C75F1" /* Syphon.framework */; settings = {ATTRIBUTES = (CodeSignOnCopy, ); }; };
		"56B3703E-334F-465F-816F-2DC5ADE95D79" /* glmBindings.cpp in Sources */ = {isa = PBXBuildFile; fileRef = "10C0DBE7-95BC-436D-BBC8-1FCD5F9ABC5D" /* glmBindings.cpp */; };
		"57900F48-3D50-49E8-92AF-C4389B22B056" /* SyphonNameboundClient.m in Sources */ = {isa = PBXBuildFile; fileRef = "99C7D2A5-4C70-4A99-B04A-971F1A882CBC" /* SyphonNameboundClient.m */; };
		"5BF36E8A-5656-43E3-BD88-EA816DBF063A" /* ofxOscReceiver.cpp in Sources */ = {isa = PBXBuildFile; fileRef = "0CE75B88-812A-4E7B-97C4-2CDC36AD085D" /* ofxOscReceiver.cpp */; };
		"6A8E4521-9FD7-4621-985E-5332E5B497E1" /* ldebug.c in Sources */ = {isa = PBXBuildFile; fileRef = "313A61FE-BA35-45D1-8664-97CEBA0BEABD" /* ldebug.c */; };
		"6FBAD602-A368-4634-974F-1967EBE5D96E" /* OscPrintReceivedElements.cpp in Sources */ = {isa = PBXBuildFile; fileRef = "00680662-FFEC-48BA-B938-EF96CDE141D3" /* OscPrintReceivedElements.cpp */; };
		"7056B0EF-0CEA-4BC3-A088-39315CF64FB0" /* ofxOscParameterSync.cpp in Sources */ = {isa = PBXBuildFile; fileRef = "28C8C9FC-3E9E-4C74-A9A3-5A06E25522B0" /* ofxOscParameterSync.cpp */; };
		"714A334B-36C3-4A37-A1B0-7805BD08C883" /* ofxOscBundle.cpp in Sources */ = {isa = PBXBuildFile; fileRef = "C237D0D1-C80E-4DFA-8A51-F315429A14B8" /* ofxOscBundle.cpp */; };
		"729FA9A0-34B9-4C23-AA1E-697D9874D5BA" /* lcode.c in Sources */ = {isa = PBXBuildFile; fileRef = "6570B627-3707-451A-92A2-3E71088FB0E1" /* lcode.c */; };
		"759275C9-1D48-49C5-A11E-6D3C274E60BF" /* ldblib.c in Sources */ = {isa = PBXBuildFile; fileRef = "AC825A34-D670-42A4-96D5-5A64A5EFC697" /* ldblib.c */; };
		"76119662-EA1F-4B10-80D2-648CDA063450" /* lmem.c in Sources */ = {isa = PBXBuildFile; fileRef = "AFD5FCAA-673E-4A55-B76B-D4EDC3C456DF" /* lmem.c */; };
		"7A4474DD-F287-4624-B28D-4BF9B3922B33" /* llex.c in Sources */ = {isa = PBXBuildFile; fileRef = "23BA1E8F-8484-4869-822E-6027E1E8EBDA" /* llex.c */; };
		"7A5A066E-E93E-4F77-AF58-89B769B56413" /* lcorolib.c in Sources */ = {isa = PBXBuildFile; fileRef = "926FD2BC-BB21-494F-BE10-C4218FA9B13D" /* lcorolib.c */; };
		"827BB7FB-539A-4863-AC8B-F5CFDEE3E88D" /* ofxLuaFileWriter.cpp in Sources */ = {isa = PBXBuildFile; fileRef = "2303D0B4-02D3-4433-815C-854194322556" /* ofxLuaFileWriter.cpp */; };
		"8A2C3F77-1880-4D58-B9A3-405361C7E10B" /* ofxOscSender.cpp in Sources */ = {isa = PBXBuildFile; fileRef = "9842FAC8-33AB-4D20-9638-A076F6DB0343" /* ofxOscSender.cpp */; };
		"937D095F-4F23-49F0-9CD9-1155DABF760F" /* lapi.c in Sources */ = {isa = PBXBuildFile; fileRef = "C68F75F5-A635-4D29-8B86-EAAC66C4B5FD" /* lapi.c */; };
		"9B0CA00F-D3E7-4B92-A6B5-E483A7AC6EBA" /* ofBindings.cpp in Sources */ = {isa = PBXBuildFile; fileRef = "971F1C0A-EFB1-40E7-9E5A-0E8D90E01BE9" /* ofBindings.cpp */; };
		"9CDEC4C0-0AE6-4DB5-AD8A-A1CD290DE51D" /* loadlib.c in Sources */ = {isa = PBXBuildFile; fileRef = "CB8E203A-9C06-48E8-AEEC-E7C7807B48D8" /* loadlib.c */; };
		"A2AF4F95-3244-4EC9-844A-F93C945F8F8C" /* UdpSocket.cpp in Sources */ = {isa = PBXBuildFile; fileRef = "8C8537F1-6B70-4E47-9A7F-19A709EF85B1" /* UdpSocket.cpp */; };
		"A5F7738B-323D-4FF8-B995-BD43B2303193" /* ltablib.c in Sources */ = {isa = PBXBuildFile; fileRef = "CB4A5CF5-9FA5-4E73-A519-9705606B7F92" /* ltablib.c */; };
		"A6D4AFAC-5AD7-4B2F-9E23-5D3F6C732736" /* lbaselib.c in Sources */ = {isa = PBXBuildFile; fileRef = "07E14B04-F605-4D1F-BE54-90D5155B853C" /* lbaselib.c */; };
		"AFCC71BB-8297-46FE-9C3C-B3878A5FF0A0" /* OscReceivedElements.cpp in Sources */ = {isa = PBXBuildFile; fileRef = "85A65E1C-1F48-4E47-BBE0-D133D5D5AD2E" /* OscReceivedElements.cpp */; };
		"B53F3955-44C9-4039-BACC-FC8F2372F90A" /* OscOutboundPacketStream.cpp in Sources */ = {isa = PBXBuildFile; fileRef = "978AF024-CD0E-40B7-9D83-74A57B18B142" /* OscOutboundPacketStream.cpp */; };
		"B7D404D9-F6B8-4AE6-9A6B-2631526DADC3" /* syphonBindings.cpp in Sources */ = {isa = PBXBuildFile; fileRef = "5A4FDC27-77C5-4400-B486-1C8F9B105917" /* syphonBindings.cpp */; };
		"B87B306D-4D70-43EA-8ED0-EB051C8FE34E" /* lstate.c in Sources */ = {isa = PBXBuildFile; fileRef = "12EAE9D8-0F47-47D8-BEF8-C200DA3C2180" /* lstate.c */; };
		"BB047BBB-8A18-4856-912D-1F523A0A48C2" /* ltable.c in Sources */ = {isa = PBXBuildFile; fileRef = "AF85D3ED-4F90-4B8A-B244-47136A533476" /* ltable.c */; };
		"BD9C0AFF-73C2-4B67-8E53-0D07DDF2BDF9" /* OscTypes.cpp in Sources */ = {isa = PBXBuildFile; fileRef = "B1F13775-9119-417E-A90F-1B0ADBA4C840" /* OscTypes.cpp */; };
		"BED835D6-903E-4ABC-A0DE-BD010CB3E186" /* lundump.c in Sources */ = {isa = PBXBuildFile; fileRef = "B9FF7309-0592-4439-A7FB-AFCA19AEF395" /* lundump.c */; };
		"BF503634-F2E6-4BBF-B181-35A838ADACF6" /* Syphon.framework in Frameworks */ = {isa = PBXBuildFile; fileRef = "AC1179B2-5AEE-4639-8BA2-D65EE22C75F1" /* Syphon.framework */; };
		"C032240A-9128-444B-B5D3-F91DF364D692" /* lbitlib.c in Sources */ = {isa = PBXBuildFile; fileRef = "FA68C3AB-299E-4515-A5B1-91D15A0819D7" /* lbitlib.c */; };
		"C2573368-6F5A-42FC-A9B0-47342AEB34D7" /* lmathlib.c in Sources */ = {isa = PBXBuildFile; fileRef = "69CA9EDF-DA5A-4024-9E23-29568810EC01" /* lmathlib.c */; };
		"C2EE5753-6A31-47A2-AD56-A370FB9C714F" /* lauxlib.c in Sources */ = {isa = PBXBuildFile; fileRef = "B2FEA2E1-0C5E-427F-AFBB-FABCA6E5E831" /* lauxlib.c */; };
		"D0C9AB4E-05D8-4838-8BC0-12603AE6EEB8" /* ofxSyphonNSObject.mm in Sources */ = {isa = PBXBuildFile; fileRef = "DCA39B72-7590-45C6-87CB-BD9E23193590" /* ofxSyphonNSObject.mm */; };
		"D395931A-3425-4814-B74E-05AA491EBE0C" /* liolib.c in Sources */ = {isa = PBXBuildFile; fileRef = "43735AA0-4D05-470E-AB56-0C8CB1EC3C13" /* liolib.c */; };
		"D50286FC-DE2D-414A-9EF0-C9FEFAD97CD5" /* ofxSyphonClient.mm in Sources */ = {isa = PBXBuildFile; fileRef = "41C6D619-2F99-415F-A4D4-E9B3A597637B" /* ofxSyphonClient.mm */; };
		"D9FC9094-D9B5-4E9A-99AD-EB8D5A962CA1" /* Util.cpp in Sources */ = {isa = PBXBuildFile; fileRef = "2CE684EE-14FB-454C-A315-4B80AD64E689" /* Util.cpp */; };
		"DA517B89-DF02-4AFE-836E-7D8303FC88A2" /* lobject.c in Sources */ = {isa = PBXBuildFile; fileRef = "A25F4FB9-2A6E-43C5-9351-576A369A0FF9" /* lobject.c */; };
		"DBC43B41-5AC4-4627-A7F4-4E214992E863" /* Script.cpp in Sources */ = {isa = PBXBuildFile; fileRef = "095E8747-249C-4954-97AD-6575B7612614" /* Script.cpp */; };
		E4B69E200A3A1BDC003C02F2 /* main.cpp in Sources */ = {isa = PBXBuildFile; fileRef = E4B69E1D0A3A1BDC003C02F2 /* main.cpp */; };
		E4B69E210A3A1BDC003C02F2 /* ofApp.cpp in Sources */ = {isa = PBXBuildFile; fileRef = E4B69E1E0A3A1BDC003C02F2 /* ofApp.cpp */; };
		"E60172A3-490A-441E-B19F-B1730CE17160" /* lvm.c in Sources */ = {isa = PBXBuildFile; fileRef = "BFB15DF3-6AAA-4577-8AC1-C750707E8C1D" /* lvm.c */; };
		"E6A0F12E-3608-41B9-94CB-32318541C8D7" /* lutf8lib.c in Sources */ = {isa = PBXBuildFile; fileRef = "20FFEF23-5D7A-487B-98DE-923821D8A5F4" /* lutf8lib.c */; };
		"F1861E73-0909-4871-BC05-FFD586354404" /* ltm.c in Sources */ = {isa = PBXBuildFile; fileRef = "A247FC81-DCA1-4415-8FC8-E8AB05861F96" /* ltm.c */; };
		"F40B4405-4998-4C96-9B71-7410C16133FF" /* loslib.c in Sources */ = {isa = PBXBuildFile; fileRef = "9673BDA3-F7C0-4B98-A7E4-4B2A7CD18590" /* loslib.c */; };
		"FCE8BDE3-EB49-4BB1-AE2B-19D68C1A5FB2" /* ofxOscMessage.cpp in Sources */ = {isa = PBXBuildFile; fileRef = "DAD230EE-27DE-4BB3-BCC7-7D123C94572C" /* ofxOscMessage.cpp */; };
		"FD6FFA1F-2318-4BD3-A826-E6983CA81A84" /* Syphon.cpp in Sources */ = {isa = PBXBuildFile; fileRef = "DFB060FF-EF8F-46D0-A253-B48ED21063E1" /* Syphon.cpp */; };
/* End PBXBuildFile section */

/* Begin PBXCopyFilesBuildPhase section */
		E4A5B60F29BAAAE400C2D356 /* CopyFiles */ = {
			isa = PBXCopyFilesBuildPhase;
			buildActionMask = 2147483647;
			dstPath = "";
			dstSubfolderSpec = 6;
			files = (
			);
			runOnlyForDeploymentPostprocessing = 0;
		};
		E4C2427710CC5ABF004149E2 /* CopyFiles */ = {
			isa = PBXCopyFilesBuildPhase;
			buildActionMask = 2147483647;
			dstPath = "";
			dstSubfolderSpec = 10;
			files = (
				"5008BC2C-0D88-4398-A0CC-E4CF13765843" /* Syphon.framework in CopyFiles */,
			);
			runOnlyForDeploymentPostprocessing = 0;
		};
/* End PBXCopyFilesBuildPhase section */

/* Begin PBXFileReference section */
		"00680662-FFEC-48BA-B938-EF96CDE141D3" /* OscPrintReceivedElements.cpp */ = {isa = PBXFileReference; fileEncoding = 4; lastKnownFileType = sourcecode.cpp.cpp; path = OscPrintReceivedElements.cpp; sourceTree = "<group>"; };
		"01D0E984-8B23-4ADA-8AFA-101B8AF6F91F" /* lzio.c */ = {isa = PBXFileReference; fileEncoding = 4; lastKnownFileType = sourcecode.cpp.c; path = lzio.c; sourceTree = "<group>"; };
		"02383C6B-AEF6-4C09-B0AC-44288A733ED6" /* NetworkingUtils.h */ = {isa = PBXFileReference; fileEncoding = 4; lastKnownFileType = sourcecode.cpp.h; path = NetworkingUtils.h; sourceTree = "<group>"; };
		"02E59B18-3212-4B1E-8F5E-442DADD29C2A" /* OscException.h */ = {isa = PBXFileReference; fileEncoding = 4; lastKnownFileType = sourcecode.cpp.h; path = OscException.h; sourceTree = "<group>"; };
		"060C8FE3-5997-487E-864A-6AF18D508155" /* lfunc.h */ = {isa = PBXFileReference; fileEncoding = 4; lastKnownFileType = sourcecode.cpp.h; path = lfunc.h; sourceTree = "<group>"; };
		"07409621-E24E-4D12-A6B9-BADCFD818E00" /* OscTypes.h */ = {isa = PBXFileReference; fileEncoding = 4; lastKnownFileType = sourcecode.cpp.h; path = OscTypes.h; sourceTree = "<group>"; };
		"074D57F3-D872-4FE5-B0D6-6673D158D22C" /* ljumptab.h */ = {isa = PBXFileReference; fileEncoding = 4; lastKnownFileType = sourcecode.cpp.h; path = ljumptab.h; sourceTree = "<group>"; };
		"07E14B04-F605-4D1F-BE54-90D5155B853C" /* lbaselib.c */ = {isa = PBXFileReference; fileEncoding = 4; lastKnownFileType = sourcecode.cpp.c; path = lbaselib.c; sourceTree = "<group>"; };
		"095E8747-249C-4954-97AD-6575B7612614" /* Script.cpp */ = {isa = PBXFileReference; fileEncoding = 4; lastKnownFileType = sourcecode.cpp.cpp; path = Script.cpp; sourceTree = "<group>"; };
		"09B7AE9A-138B-4749-9CE5-3E3D2071EE6F" /* optionparser.h */ = {isa = PBXFileReference; fileEncoding = 4; lastKnownFileType = sourcecode.cpp.h; path = optionparser.h; sourceTree = "<group>"; };
		"0B638D6E-B11E-45DF-8CF9-015C8F2421AF" /* OscPacketListener.h */ = {isa = PBXFileReference; fileEncoding = 4; lastKnownFileType = sourcecode.cpp.h; path = OscPacketListener.h; sourceTree = "<group>"; };
		"0B845ABD-53F0-4DF0-8728-386AB2130270" /* OscPrintReceivedElements.h */ = {isa = PBXFileReference; fileEncoding = 4; lastKnownFileType = sourcecode.cpp.h; path = OscPrintReceivedElements.h; sourceTree = "<group>"; };
		"0CE75B88-812A-4E7B-97C4-2CDC36AD085D" /* ofxOscReceiver.cpp */ = {isa = PBXFileReference; fileEncoding = 4; lastKnownFileType = sourcecode.cpp.cpp; path = ofxOscReceiver.cpp; sourceTree = "<group>"; };
		"0F225E26-FBC8-482D-AC6C-84E473638D21" /* IpEndpointName.h */ = {isa = PBXFileReference; fileEncoding = 4; lastKnownFileType = sourcecode.cpp.h; path = IpEndpointName.h; sourceTree = "<group>"; };
		"10C0DBE7-95BC-436D-BBC8-1FCD5F9ABC5D" /* glmBindings.cpp */ = {isa = PBXFileReference; fileEncoding = 4; lastKnownFileType = sourcecode.cpp.cpp; path = glmBindings.cpp; sourceTree = "<group>"; };
		"123ACBA4-4DEB-47FC-B0E4-DF961A0A6C15" /* ofxOscReceiver.h */ = {isa = PBXFileReference; fileEncoding = 4; lastKnownFileType = sourcecode.cpp.h; path = ofxOscReceiver.h; sourceTree = "<group>"; };
		"12EAE9D8-0F47-47D8-BEF8-C200DA3C2180" /* lstate.c */ = {isa = PBXFileReference; fileEncoding = 4; lastKnownFileType = sourcecode.cpp.c; path = lstate.c; sourceTree = "<group>"; };
		"189B2CC5-C90A-4957-82D6-7BC8BF409351" /* TimerListener.h */ = {isa = PBXFileReference; fileEncoding = 4; lastKnownFileType = sourcecode.cpp.h; path = TimerListener.h; sourceTree = "<group>"; };
		"18B2B557-2E86-413C-966E-5FFDA204AE7D" /* ldo.c */ = {isa = PBXFileReference; fileEncoding = 4; lastKnownFileType = sourcecode.cpp.c; path = ldo.c; sourceTree = "<group>"; };
		191CD6FA2847E21E0085CBB6 /* of.entitlements */ = {isa = PBXFileReference; fileEncoding = 4; lastKnownFileType = text.plist.entitlements; path = of.entitlements; sourceTree = "<group>"; };
		191EF70929D778A400F35F26 /* openFrameworks */ = {isa = PBXFileReference; lastKnownFileType = folder; name = openFrameworks; path = ../../../libs/openFrameworks; sourceTree = SOURCE_ROOT; };
		"20FFEF23-5D7A-487B-98DE-923821D8A5F4" /* lutf8lib.c */ = {isa = PBXFileReference; fileEncoding = 4; lastKnownFileType = sourcecode.cpp.c; path = lutf8lib.c; sourceTree = "<group>"; };
		"213A8FD8-0D7E-4232-B700-856933330830" /* linit.c */ = {isa = PBXFileReference; fileEncoding = 4; lastKnownFileType = sourcecode.cpp.c; path = linit.c; sourceTree = "<group>"; };
		"21EF60AC-C9EA-41A2-AF74-68A5B81A6C1F" /* ldebug.h */ = {isa = PBXFileReference; fileEncoding = 4; lastKnownFileType = sourcecode.cpp.h; path = ldebug.h; sourceTree = "<group>"; };
		"2303D0B4-02D3-4433-815C-854194322556" /* ofxLuaFileWriter.cpp */ = {isa = PBXFileReference; fileEncoding = 4; lastKnownFileType = sourcecode.cpp.cpp; path = ofxLuaFileWriter.cpp; sourceTree = "<group>"; };
		"236CB844-B4E0-4D84-87E3-35016A0DDA3F" /* Loaf.h */ = {isa = PBXFileReference; fileEncoding = 4; lastKnownFileType = sourcecode.cpp.h; path = Loaf.h; sourceTree = "<group>"; };
		"23BA1E8F-8484-4869-822E-6027E1E8EBDA" /* llex.c */ = {isa = PBXFileReference; fileEncoding = 4; lastKnownFileType = sourcecode.cpp.c; path = llex.c; sourceTree = "<group>"; };
		"24527B1A-B528-400E-90AD-6FFCE0F9FBF9" /* lapi.h */ = {isa = PBXFileReference; fileEncoding = 4; lastKnownFileType = sourcecode.cpp.h; path = lapi.h; sourceTree = "<group>"; };
		"24AF73F3-190E-4DB2-9234-3FF5D04A240D" /* lctype.c */ = {isa = PBXFileReference; fileEncoding = 4; lastKnownFileType = sourcecode.cpp.c; path = lctype.c; sourceTree = "<group>"; };
		"28C8C9FC-3E9E-4C74-A9A3-5A06E25522B0" /* ofxOscParameterSync.cpp */ = {isa = PBXFileReference; fileEncoding = 4; lastKnownFileType = sourcecode.cpp.cpp; path = ofxOscParameterSync.cpp; sourceTree = "<group>"; };
		"2CE684EE-14FB-454C-A315-4B80AD64E689" /* Util.cpp */ = {isa = PBXFileReference; fileEncoding = 4; lastKnownFileType = sourcecode.cpp.cpp; path = Util.cpp; sourceTree = "<group>"; };
		"313A61FE-BA35-45D1-8664-97CEBA0BEABD" /* ldebug.c */ = {isa = PBXFileReference; fileEncoding = 4; lastKnownFileType = sourcecode.cpp.c; path = ldebug.c; sourceTree = "<group>"; };
		"3BB75AB3-4616-4490-B38D-65AE45F8B5A1" /* lopnames.h */ = {isa = PBXFileReference; fileEncoding = 4; lastKnownFileType = sourcecode.cpp.h; path = lopnames.h; sourceTree = "<group>"; };
		"3E08D33B-D627-4E68-95F7-98B816609477" /* ofxSyphonServerDirectory.mm */ = {isa = PBXFileReference; fileEncoding = 4; lastKnownFileType = sourcecode.cpp.objcpp; path = ofxSyphonServerDirectory.mm; sourceTree = "<group>"; };
		"3E417142-5254-4F1A-A5DD-43E48ED76BB6" /* ofxLuaFileWriter.h */ = {isa = PBXFileReference; fileEncoding = 4; lastKnownFileType = sourcecode.cpp.h; path = ofxLuaFileWriter.h; sourceTree = "<group>"; };
		"3F9DDDB7-FD94-4D56-A008-9948EAFB67B6" /* NetworkingUtils.cpp */ = {isa = PBXFileReference; fileEncoding = 4; lastKnownFileType = sourcecode.cpp.cpp; path = NetworkingUtils.cpp; sourceTree = "<group>"; };
		"3FAC9E14-5F4A-4CC4-8A75-D0F826BBF0AB" /* PathWatcher.h */ = {isa = PBXFileReference; fileEncoding = 4; lastKnownFileType = sourcecode.cpp.h; path = PathWatcher.h; sourceTree = "<group>"; };
		"41C6D619-2F99-415F-A4D4-E9B3A597637B" /* ofxSyphonClient.mm */ = {isa = PBXFileReference; fileEncoding = 4; lastKnownFileType = sourcecode.cpp.objcpp; path = ofxSyphonClient.mm; sourceTree = "<group>"; };
		"420508DC-B47F-40CB-AEAA-90A705401A68" /* ofxOscParameterSync.h */ = {isa = PBXFileReference; fileEncoding = 4; lastKnownFileType = sourcecode.cpp.h; path = ofxOscParameterSync.h; sourceTree = "<group>"; };
		"43735AA0-4D05-470E-AB56-0C8CB1EC3C13" /* liolib.c */ = {isa = PBXFileReference; fileEncoding = 4; lastKnownFileType = sourcecode.cpp.c; path = liolib.c; sourceTree = "<group>"; };
		"48A31E3F-05CE-4E72-9B26-594F9AF1C99C" /* UdpSocket.h */ = {isa = PBXFileReference; fileEncoding = 4; lastKnownFileType = sourcecode.cpp.h; path = UdpSocket.h; sourceTree = "<group>"; };
		"4C7F225C-853C-429F-BB81-5B12D2029268" /* lparser.c */ = {isa = PBXFileReference; fileEncoding = 4; lastKnownFileType = sourcecode.cpp.c; path = lparser.c; sourceTree = "<group>"; };
		"4EF6A233-234E-422C-9997-0E0D99FA069E" /* lstrlib.c */ = {isa = PBXFileReference; fileEncoding = 4; lastKnownFileType = sourcecode.cpp.c; path = lstrlib.c; sourceTree = "<group>"; };
		"4F3638E3-4479-47C6-B917-21FE494C0B1B" /* ofxSyphonServerDirectory.h */ = {isa = PBXFileReference; fileEncoding = 4; lastKnownFileType = sourcecode.cpp.h; path = ofxSyphonServerDirectory.h; sourceTree = "<group>"; };
		"51C9C672-05DE-48A7-A556-F413DBBA2DB3" /* ofxSyphonNSObject.hpp */ = {isa = PBXFileReference; fileEncoding = 4; lastKnownFileType = sourcecode.cpp.h; path = ofxSyphonNSObject.hpp; sourceTree = "<group>"; };
		"520C3AE9-C89D-4BDC-A2B3-45023C31D7AC" /* CommandLine.cpp */ = {isa = PBXFileReference; fileEncoding = 4; lastKnownFileType = sourcecode.cpp.cpp; path = CommandLine.cpp; sourceTree = "<group>"; };
		"5A4FDC27-77C5-4400-B486-1C8F9B105917" /* syphonBindings.cpp */ = {isa = PBXFileReference; fileEncoding = 4; lastKnownFileType = sourcecode.cpp.cpp; path = syphonBindings.cpp; sourceTree = "<group>"; };
		"60C14E0F-FE18-43BF-A608-3BBBA89B4712" /* lopcodes.h */ = {isa = PBXFileReference; fileEncoding = 4; lastKnownFileType = sourcecode.cpp.h; path = lopcodes.h; sourceTree = "<group>"; };
		"62C4A2C7-228E-4496-8D39-4B0C5E9132DF" /* lcode.h */ = {isa = PBXFileReference; fileEncoding = 4; lastKnownFileType = sourcecode.cpp.h; path = lcode.h; sourceTree = "<group>"; };
		"63939530-AB9D-480D-A257-E22A85896515" /* oscBindings.cpp */ = {isa = PBXFileReference; fileEncoding = 4; lastKnownFileType = sourcecode.cpp.cpp; path = oscBindings.cpp; sourceTree = "<group>"; };
		"64FC9AC3-703C-4E2D-B301-9FD5F73A5C4A" /* ofxLua.cpp */ = {isa = PBXFileReference; fileEncoding = 4; lastKnownFileType = sourcecode.cpp.cpp; path = ofxLua.cpp; sourceTree = "<group>"; };
		"6570B627-3707-451A-92A2-3E71088FB0E1" /* lcode.c */ = {isa = PBXFileReference; fileEncoding = 4; lastKnownFileType = sourcecode.cpp.c; path = lcode.c; sourceTree = "<group>"; };
		"68703952-036C-4F10-A2B7-91C09A93C63A" /* ofxOscMessage.h */ = {isa = PBXFileReference; fileEncoding = 4; lastKnownFileType = sourcecode.cpp.h; path = ofxOscMessage.h; sourceTree = "<group>"; };
		"69CA9EDF-DA5A-4024-9E23-29568810EC01" /* lmathlib.c */ = {isa = PBXFileReference; fileEncoding = 4; lastKnownFileType = sourcecode.cpp.c; path = lmathlib.c; sourceTree = "<group>"; };
		"6D1A5DF6-35E4-4C4A-9BEF-C66383A7B6E6" /* ofxOscBundle.h */ = {isa = PBXFileReference; fileEncoding = 4; lastKnownFileType = sourcecode.cpp.h; path = ofxOscBundle.h; sourceTree = "<group>"; };
		"6FAE2489-D9AC-40C5-AA13-AB0CF4C8A488" /* lauxlib.h */ = {isa = PBXFileReference; fileEncoding = 4; lastKnownFileType = sourcecode.cpp.h; path = lauxlib.h; sourceTree = "<group>"; };
		"716BA5B2-D868-47B7-8BE5-8D5C7F88EEC7" /* ofxOscArg.h */ = {isa = PBXFileReference; fileEncoding = 4; lastKnownFileType = sourcecode.cpp.h; path = ofxOscArg.h; sourceTree = "<group>"; };
		"7278D63A-0A59-4090-82BD-FA181BD8C4EF" /* IpEndpointName.cpp */ = {isa = PBXFileReference; fileEncoding = 4; lastKnownFileType = sourcecode.cpp.cpp; path = IpEndpointName.cpp; sourceTree = "<group>"; };
		"73136655-D2D4-4291-84B5-10B764FBB782" /* lctype.h */ = {isa = PBXFileReference; fileEncoding = 4; lastKnownFileType = sourcecode.cpp.h; path = lctype.h; sourceTree = "<group>"; };
		"75349AE6-4177-4915-A6D5-E10C6F3F4B5A" /* lualib.h */ = {isa = PBXFileReference; fileEncoding = 4; lastKnownFileType = sourcecode.cpp.h; path = lualib.h; sourceTree = "<group>"; };
		"75BEF6A8-F5D5-4D66-BA10-0B122333A964" /* CommandLine.h */ = {isa = PBXFileReference; fileEncoding = 4; lastKnownFileType = sourcecode.cpp.h; path = CommandLine.h; sourceTree = "<group>"; };
		"7A870C53-E2EC-487F-AEAB-D5F1D69A2588" /* llex.h */ = {isa = PBXFileReference; fileEncoding = 4; lastKnownFileType = sourcecode.cpp.h; path = llex.h; sourceTree = "<group>"; };
		"7B55CBC0-8B9C-49DD-9FE6-F44E17560944" /* lfunc.c */ = {isa = PBXFileReference; fileEncoding = 4; lastKnownFileType = sourcecode.cpp.c; path = lfunc.c; sourceTree = "<group>"; };
		"85A65E1C-1F48-4E47-BBE0-D133D5D5AD2E" /* OscReceivedElements.cpp */ = {isa = PBXFileReference; fileEncoding = 4; lastKnownFileType = sourcecode.cpp.cpp; path = OscReceivedElements.cpp; sourceTree = "<group>"; };
		"85E576AC-6961-4B06-843F-4BEFCA30AFF9" /* Util.h */ = {isa = PBXFileReference; fileEncoding = 4; lastKnownFileType = sourcecode.cpp.h; path = Util.h; sourceTree = "<group>"; };
		"8C8537F1-6B70-4E47-9A7F-19A709EF85B1" /* UdpSocket.cpp */ = {isa = PBXFileReference; fileEncoding = 4; lastKnownFileType = sourcecode.cpp.cpp; path = UdpSocket.cpp; sourceTree = "<group>"; };
		"926FD2BC-BB21-494F-BE10-C4218FA9B13D" /* lcorolib.c */ = {isa = PBXFileReference; fileEncoding = 4; lastKnownFileType = sourcecode.cpp.c; path = lcorolib.c; sourceTree = "<group>"; };
		"93901DB3-E791-4AE6-A336-4884C264C25C" /* ofxSyphonClient.h */ = {isa = PBXFileReference; fileEncoding = 4; lastKnownFileType = sourcecode.cpp.h; path = ofxSyphonClient.h; sourceTree = "<group>"; };
		"93F86C94-D763-47B0-99BB-E43789CC2383" /* lstate.h */ = {isa = PBXFileReference; fileEncoding = 4; lastKnownFileType = sourcecode.cpp.h; path = lstate.h; sourceTree = "<group>"; };
		"9673BDA3-F7C0-4B98-A7E4-4B2A7CD18590" /* loslib.c */ = {isa = PBXFileReference; fileEncoding = 4; lastKnownFileType = sourcecode.cpp.c; path = loslib.c; sourceTree = "<group>"; };
		"96FC7F22-1A61-4DBA-A4C7-DD1CC714FAC6" /* lgc.h */ = {isa = PBXFileReference; fileEncoding = 4; lastKnownFileType = sourcecode.cpp.h; path = lgc.h; sourceTree = "<group>"; };
		"971F1C0A-EFB1-40E7-9E5A-0E8D90E01BE9" /* ofBindings.cpp */ = {isa = PBXFileReference; fileEncoding = 4; lastKnownFileType = sourcecode.cpp.cpp; path = ofBindings.cpp; sourceTree = "<group>"; };
		"978AF024-CD0E-40B7-9D83-74A57B18B142" /* OscOutboundPacketStream.cpp */ = {isa = PBXFileReference; fileEncoding = 4; lastKnownFileType = sourcecode.cpp.cpp; path = OscOutboundPacketStream.cpp; sourceTree = "<group>"; };
		"9842FAC8-33AB-4D20-9638-A076F6DB0343" /* ofxOscSender.cpp */ = {isa = PBXFileReference; fileEncoding = 4; lastKnownFileType = sourcecode.cpp.cpp; path = ofxOscSender.cpp; sourceTree = "<group>"; };
		"99C7D2A5-4C70-4A99-B04A-971F1A882CBC" /* SyphonNameboundClient.m */ = {isa = PBXFileReference; fileEncoding = 4; lastKnownFileType = sourcecode.cpp.objcpp; path = SyphonNameboundClient.m; sourceTree = "<group>"; };
		"9B55070A-C581-4A8D-8202-3AF92B7CFBD5" /* lua.hpp */ = {isa = PBXFileReference; fileEncoding = 4; lastKnownFileType = sourcecode.cpp.h; path = lua.hpp; sourceTree = "<group>"; };
		"9DD3DF9A-19E8-4319-B666-D65CDDCE3A50" /* lprefix.h */ = {isa = PBXFileReference; fileEncoding = 4; lastKnownFileType = sourcecode.cpp.h; path = lprefix.h; sourceTree = "<group>"; };
		"A042EDE8-9F2C-42D3-9436-6F69E9506D00" /* config.h */ = {isa = PBXFileReference; fileEncoding = 4; lastKnownFileType = sourcecode.cpp.h; path = config.h; sourceTree = "<group>"; };
		"A182BA64-96A5-410F-8EAB-30F4277E4BB1" /* lobject.h */ = {isa = PBXFileReference; fileEncoding = 4; lastKnownFileType = sourcecode.cpp.h; path = lobject.h; sourceTree = "<group>"; };
		"A2325F69-EC94-4BB5-8104-764D6BDE15BD" /* llimits.h */ = {isa = PBXFileReference; fileEncoding = 4; lastKnownFileType = sourcecode.cpp.h; path = llimits.h; sourceTree = "<group>"; };
		"A247FC81-DCA1-4415-8FC8-E8AB05861F96" /* ltm.c */ = {isa = PBXFileReference; fileEncoding = 4; lastKnownFileType = sourcecode.cpp.c; path = ltm.c; sourceTree = "<group>"; };
		"A25F4FB9-2A6E-43C5-9351-576A369A0FF9" /* lobject.c */ = {isa = PBXFileReference; fileEncoding = 4; lastKnownFileType = sourcecode.cpp.c; path = lobject.c; sourceTree = "<group>"; };
		"A3AF9015-0464-461D-9962-4F4F3667C9C4" /* MessageMappingOscPacketListener.h */ = {isa = PBXFileReference; fileEncoding = 4; lastKnownFileType = sourcecode.cpp.h; path = MessageMappingOscPacketListener.h; sourceTree = "<group>"; };
		"A5CF16DF-8DB8-4BE1-99E1-373A4449C72E" /* lzio.h */ = {isa = PBXFileReference; fileEncoding = 4; lastKnownFileType = sourcecode.cpp.h; path = lzio.h; sourceTree = "<group>"; };
		"A78FC7B0-4F9A-4C1B-9A48-48F2D11A2D29" /* ofxSyphonServer.h */ = {isa = PBXFileReference; fileEncoding = 4; lastKnownFileType = sourcecode.cpp.h; path = ofxSyphonServer.h; sourceTree = "<group>"; };
		"A8600158-A41E-430D-9137-B49D363D02A3" /* SyphonNameboundClient.h */ = {isa = PBXFileReference; fileEncoding = 4; lastKnownFileType = sourcecode.cpp.h; path = SyphonNameboundClient.h; sourceTree = "<group>"; };
		"A95284FB-C284-4585-8F91-12EB3F739424" /* ltm.h */ = {isa = PBXFileReference; fileEncoding = 4; lastKnownFileType = sourcecode.cpp.h; path = ltm.h; sourceTree = "<group>"; };
		"AB6D1A93-3B61-4A76-B242-164FE73EAC11" /* lgc.c */ = {isa = PBXFileReference; fileEncoding = 4; lastKnownFileType = sourcecode.cpp.c; path = lgc.c; sourceTree = "<group>"; };
		"AC1179B2-5AEE-4639-8BA2-D65EE22C75F1" /* Syphon.framework */ = {isa = PBXFileReference; fileEncoding = 4; lastKnownFileType = wrapper.framework; path = Syphon.framework; sourceTree = "<group>"; };
		"AC825A34-D670-42A4-96D5-5A64A5EFC697" /* ldblib.c */ = {isa = PBXFileReference; fileEncoding = 4; lastKnownFileType = sourcecode.cpp.c; path = ldblib.c; sourceTree = "<group>"; };
		"ADD878E7-A490-4823-BDD5-29B8F79CAEF7" /* ltable.h */ = {isa = PBXFileReference; fileEncoding = 4; lastKnownFileType = sourcecode.cpp.h; path = ltable.h; sourceTree = "<group>"; };
		"AF85D3ED-4F90-4B8A-B244-47136A533476" /* ltable.c */ = {isa = PBXFileReference; fileEncoding = 4; lastKnownFileType = sourcecode.cpp.c; path = ltable.c; sourceTree = "<group>"; };
		"AFD5FCAA-673E-4A55-B76B-D4EDC3C456DF" /* lmem.c */ = {isa = PBXFileReference; fileEncoding = 4; lastKnownFileType = sourcecode.cpp.c; path = lmem.c; sourceTree = "<group>"; };
		"B0B114D7-D583-405C-A2C5-18575AC077F6" /* data */ = {isa = PBXFileReference; fileEncoding = 4; lastKnownFileType = folder; name = data; path = bin/data; sourceTree = SOURCE_ROOT; };
		"B1F13775-9119-417E-A90F-1B0ADBA4C840" /* OscTypes.cpp */ = {isa = PBXFileReference; fileEncoding = 4; lastKnownFileType = sourcecode.cpp.cpp; path = OscTypes.cpp; sourceTree = "<group>"; };
		"B2B3D53E-A058-4523-95BF-E8E9BFD12C26" /* OscOutboundPacketStream.h */ = {isa = PBXFileReference; fileEncoding = 4; lastKnownFileType = sourcecode.cpp.h; path = OscOutboundPacketStream.h; sourceTree = "<group>"; };
		"B2FEA2E1-0C5E-427F-AFBB-FABCA6E5E831" /* lauxlib.c */ = {isa = PBXFileReference; fileEncoding = 4; lastKnownFileType = sourcecode.cpp.c; path = lauxlib.c; sourceTree = "<group>"; };
		"B6BC3F9C-915C-49B7-A6FF-9A88BBC1FF1A" /* lopcodes.c */ = {isa = PBXFileReference; fileEncoding = 4; lastKnownFileType = sourcecode.cpp.c; path = lopcodes.c; sourceTree = "<group>"; };
		"B9FF7309-0592-4439-A7FB-AFCA19AEF395" /* lundump.c */ = {isa = PBXFileReference; fileEncoding = 4; lastKnownFileType = sourcecode.cpp.c; path = lundump.c; sourceTree = "<group>"; };
		"BA795A82-0B67-4EFA-A420-6D382D3598F5" /* lua.h */ = {isa = PBXFileReference; fileEncoding = 4; lastKnownFileType = sourcecode.cpp.h; path = lua.h; sourceTree = "<group>"; };
		"BE42E2DA-E816-47D5-B0B1-823227FA928E" /* ofxOscSender.h */ = {isa = PBXFileReference; fileEncoding = 4; lastKnownFileType = sourcecode.cpp.h; path = ofxOscSender.h; sourceTree = "<group>"; };
		"BFB15DF3-6AAA-4577-8AC1-C750707E8C1D" /* lvm.c */ = {isa = PBXFileReference; fileEncoding = 4; lastKnownFileType = sourcecode.cpp.c; path = lvm.c; sourceTree = "<group>"; };
		"C0A909F4-0833-4755-8738-F4CE46E562C9" /* Options.h */ = {isa = PBXFileReference; fileEncoding = 4; lastKnownFileType = sourcecode.cpp.h; path = Options.h; sourceTree = "<group>"; };
		"C237D0D1-C80E-4DFA-8A51-F315429A14B8" /* ofxOscBundle.cpp */ = {isa = PBXFileReference; fileEncoding = 4; lastKnownFileType = sourcecode.cpp.cpp; path = ofxOscBundle.cpp; sourceTree = "<group>"; };
		"C68F75F5-A635-4D29-8B86-EAAC66C4B5FD" /* lapi.c */ = {isa = PBXFileReference; fileEncoding = 4; lastKnownFileType = sourcecode.cpp.c; path = lapi.c; sourceTree = "<group>"; };
		"C6BA58D7-CCDE-424C-BECD-0AF94DBECDE9" /* OscReceivedElements.h */ = {isa = PBXFileReference; fileEncoding = 4; lastKnownFileType = sourcecode.cpp.h; path = OscReceivedElements.h; sourceTree = "<group>"; };
		"CB4A5CF5-9FA5-4E73-A519-9705606B7F92" /* ltablib.c */ = {isa = PBXFileReference; fileEncoding = 4; lastKnownFileType = sourcecode.cpp.c; path = ltablib.c; sourceTree = "<group>"; };
		"CB8E203A-9C06-48E8-AEEC-E7C7807B48D8" /* loadlib.c */ = {isa = PBXFileReference; fileEncoding = 4; lastKnownFileType = sourcecode.cpp.c; path = loadlib.c; sourceTree = "<group>"; };
		"CC062EE3-534C-49B0-97B7-8278FD9BED2A" /* lstring.c */ = {isa = PBXFileReference; fileEncoding = 4; lastKnownFileType = sourcecode.cpp.c; path = lstring.c; sourceTree = "<group>"; };
		"CD0D59D1-6299-4652-BEC2-B815BC78CB09" /* loafBindings.cpp */ = {isa = PBXFileReference; fileEncoding = 4; lastKnownFileType = sourcecode.cpp.cpp; path = loafBindings.cpp; sourceTree = "<group>"; };
		"CED49A9C-B6C4-45D3-BFEF-A33BD5ECA91F" /* luaconf.h */ = {isa = PBXFileReference; fileEncoding = 4; lastKnownFileType = sourcecode.cpp.h; path = luaconf.h; sourceTree = "<group>"; };
		"D5383EA8-B798-48C5-A09C-1DC39E16F4C5" /* ofBindings.h */ = {isa = PBXFileReference; fileEncoding = 4; lastKnownFileType = sourcecode.cpp.h; path = ofBindings.h; sourceTree = "<group>"; };
		"D7A49F6D-DF07-4EEB-9B5F-66DF689A8624" /* Script.h */ = {isa = PBXFileReference; fileEncoding = 4; lastKnownFileType = sourcecode.cpp.h; path = Script.h; sourceTree = "<group>"; };
		"D7CCD404-B739-4AC3-93FA-F16F98A5BE42" /* ofxSyphon.h */ = {isa = PBXFileReference; fileEncoding = 4; lastKnownFileType = sourcecode.cpp.h; path = ofxSyphon.h; sourceTree = "<group>"; };
		"D866E0ED-3853-45CB-B300-AAE2E55C7F05" /* ofxSyphonServer.mm */ = {isa = PBXFileReference; fileEncoding = 4; lastKnownFileType = sourcecode.cpp.objcpp; path = ofxSyphonServer.mm; sourceTree = "<group>"; };
		"DAD230EE-27DE-4BB3-BCC7-7D123C94572C" /* ofxOscMessage.cpp */ = {isa = PBXFileReference; fileEncoding = 4; lastKnownFileType = sourcecode.cpp.cpp; path = ofxOscMessage.cpp; sourceTree = "<group>"; };
		"DCA39B72-7590-45C6-87CB-BD9E23193590" /* ofxSyphonNSObject.mm */ = {isa = PBXFileReference; fileEncoding = 4; lastKnownFileType = sourcecode.cpp.objcpp; path = ofxSyphonNSObject.mm; sourceTree = "<group>"; };
		"DFB060FF-EF8F-46D0-A253-B48ED21063E1" /* Syphon.cpp */ = {isa = PBXFileReference; fileEncoding = 4; lastKnownFileType = sourcecode.cpp.cpp; path = Syphon.cpp; sourceTree = "<group>"; };
		"E01AFC08-C489-4E36-A383-0FFC9E61EF97" /* Syphon.h */ = {isa = PBXFileReference; fileEncoding = 4; lastKnownFileType = sourcecode.cpp.h; path = Syphon.h; sourceTree = "<group>"; };
		"E28BE530-FFD5-454D-96A8-5136DB14FA64" /* ofxOsc.h */ = {isa = PBXFileReference; fileEncoding = 4; lastKnownFileType = sourcecode.cpp.h; path = ofxOsc.h; sourceTree = "<group>"; };
		"E2D234B8-132C-4DAA-B86A-D1B9FBF69E09" /* lmem.h */ = {isa = PBXFileReference; fileEncoding = 4; lastKnownFileType = sourcecode.cpp.h; path = lmem.h; sourceTree = "<group>"; };
		"E3407046-5B6A-4E66-8790-84FBE44B93FB" /* ldo.h */ = {isa = PBXFileReference; fileEncoding = 4; lastKnownFileType = sourcecode.cpp.h; path = ldo.h; sourceTree = "<group>"; };
		"E37FE261-4492-4A4E-B178-DFCFF29CB9FE" /* ldump.c */ = {isa = PBXFileReference; fileEncoding = 4; lastKnownFileType = sourcecode.cpp.c; path = ldump.c; sourceTree = "<group>"; };
		"E3A748B0-2535-4C4A-AC83-123D9450C14E" /* PacketListener.h */ = {isa = PBXFileReference; fileEncoding = 4; lastKnownFileType = sourcecode.cpp.h; path = PacketListener.h; sourceTree = "<group>"; };
		"E40C4FCD-8F55-4774-9435-C05F2F1D0A69" /* lundump.h */ = {isa = PBXFileReference; fileEncoding = 4; lastKnownFileType = sourcecode.cpp.h; path = lundump.h; sourceTree = "<group>"; };
		"E415F3BF-49FB-4B4A-AE16-A731007D9219" /* App.xcconfig */ = {isa = PBXFileReference; fileEncoding = 4; lastKnownFileType = text.xcconfig; path = App.xcconfig; sourceTree = "<group>"; };
		"E44F9598-B1EC-42BC-9E90-BAA728F2EB2C" /* lparser.h */ = {isa = PBXFileReference; fileEncoding = 4; lastKnownFileType = sourcecode.cpp.h; path = lparser.h; sourceTree = "<group>"; };
		E4B69B5B0A3A1756003C02F2 /* loafDebug.app */ = {isa = PBXFileReference; explicitFileType = wrapper.application; includeInIndex = 0; path = loafDebug.app; sourceTree = BUILT_PRODUCTS_DIR; };
		E4B69E1D0A3A1BDC003C02F2 /* main.cpp */ = {isa = PBXFileReference; fileEncoding = 4; lastKnownFileType = sourcecode.cpp.cpp; name = main.cpp; path = src/main.cpp; sourceTree = SOURCE_ROOT; };
		E4B69E1E0A3A1BDC003C02F2 /* ofApp.cpp */ = {isa = PBXFileReference; explicitFileType = sourcecode.cpp.cpp; fileEncoding = 4; name = ofApp.cpp; path = src/ofApp.cpp; sourceTree = SOURCE_ROOT; };
		E4B69E1F0A3A1BDC003C02F2 /* ofApp.h */ = {isa = PBXFileReference; fileEncoding = 4; lastKnownFileType = sourcecode.c.h; name = ofApp.h; path = src/ofApp.h; sourceTree = SOURCE_ROOT; };
		E4B6FCAD0C3E899E008CF71C /* openFrameworks-Info.plist */ = {isa = PBXFileReference; fileEncoding = 4; lastKnownFileType = text.plist.xml; path = "openFrameworks-Info.plist"; sourceTree = "<group>"; };
		E4EB6923138AFD0F00A09F29 /* Project.xcconfig */ = {isa = PBXFileReference; fileEncoding = 4; lastKnownFileType = text.xcconfig; path = Project.xcconfig; sourceTree = "<group>"; };
		"E88A7FB6-8A85-47EE-BD9B-B33686431EB7" /* lvm.h */ = {isa = PBXFileReference; fileEncoding = 4; lastKnownFileType = sourcecode.cpp.h; path = lvm.h; sourceTree = "<group>"; };
		"EC106771-BFB7-4FC8-B22C-EEF849F58278" /* ofxLua.h */ = {isa = PBXFileReference; fileEncoding = 4; lastKnownFileType = sourcecode.cpp.h; path = ofxLua.h; sourceTree = "<group>"; };
		"F2BE2F36-4FCE-492B-89DA-8C185B458683" /* OscHostEndianness.h */ = {isa = PBXFileReference; fileEncoding = 4; lastKnownFileType = sourcecode.cpp.h; path = OscHostEndianness.h; sourceTree = "<group>"; };
		"F8BA51B0-6941-4D7E-B00F-E5362E154506" /* lstring.h */ = {isa = PBXFileReference; fileEncoding = 4; lastKnownFileType = sourcecode.cpp.h; path = lstring.h; sourceTree = "<group>"; };
		"FA68C3AB-299E-4515-A5B1-91D15A0819D7" /* lbitlib.c */ = {isa = PBXFileReference; fileEncoding = 4; lastKnownFileType = sourcecode.cpp.c; path = lbitlib.c; sourceTree = "<group>"; };
/* End PBXFileReference section */

/* Begin PBXFrameworksBuildPhase section */
		E4B69B590A3A1756003C02F2 /* Frameworks */ = {
			isa = PBXFrameworksBuildPhase;
			buildActionMask = 2147483647;
			files = (
				"BF503634-F2E6-4BBF-B181-35A838ADACF6" /* Syphon.framework in Frameworks */,
			);
			runOnlyForDeploymentPostprocessing = 0;
		};
/* End PBXFrameworksBuildPhase section */

/* Begin PBXGroup section */
		"04EA6972-5E0E-4E0F-9ABA-F2C7BC55B361" /* bindings */ = {
			isa = PBXGroup;
			children = (
				"6AD53CD7-2BC7-4F0D-8ED5-DC1D7F55C078" /* desktop */,
				"10C0DBE7-95BC-436D-BBC8-1FCD5F9ABC5D" /* glmBindings.cpp */,
				"D5383EA8-B798-48C5-A09C-1DC39E16F4C5" /* ofBindings.h */,
			);
			path = bindings;
			sourceTree = "<group>";
		};
		"1350DE2A-3166-40C3-9F94-74F98A8F524C" /* ofxOsc */ = {
			isa = PBXGroup;
			children = (
				"499BD57C-C077-4E12-A626-8CC2D6677AB1" /* libs */,
				"3CBBFC0A-B646-4D33-836C-8C2E9742BFE8" /* src */,
			);
			path = ofxOsc;
			sourceTree = "<group>";
		};
		"1A3D89A5-89BC-4B06-9E7D-0C699143F9F5" /* posix */ = {
			isa = PBXGroup;
			children = (
				"3F9DDDB7-FD94-4D56-A008-9948EAFB67B6" /* NetworkingUtils.cpp */,
				"8C8537F1-6B70-4E47-9A7F-19A709EF85B1" /* UdpSocket.cpp */,
			);
			path = posix;
			sourceTree = "<group>";
		};
		"3CBBFC0A-B646-4D33-836C-8C2E9742BFE8" /* src */ = {
			isa = PBXGroup;
			children = (
				"E28BE530-FFD5-454D-96A8-5136DB14FA64" /* ofxOsc.h */,
				"716BA5B2-D868-47B7-8BE5-8D5C7F88EEC7" /* ofxOscArg.h */,
				"C237D0D1-C80E-4DFA-8A51-F315429A14B8" /* ofxOscBundle.cpp */,
				"6D1A5DF6-35E4-4C4A-9BEF-C66383A7B6E6" /* ofxOscBundle.h */,
				"DAD230EE-27DE-4BB3-BCC7-7D123C94572C" /* ofxOscMessage.cpp */,
				"68703952-036C-4F10-A2B7-91C09A93C63A" /* ofxOscMessage.h */,
				"28C8C9FC-3E9E-4C74-A9A3-5A06E25522B0" /* ofxOscParameterSync.cpp */,
				"420508DC-B47F-40CB-AEAA-90A705401A68" /* ofxOscParameterSync.h */,
				"0CE75B88-812A-4E7B-97C4-2CDC36AD085D" /* ofxOscReceiver.cpp */,
				"123ACBA4-4DEB-47FC-B0E4-DF961A0A6C15" /* ofxOscReceiver.h */,
				"9842FAC8-33AB-4D20-9638-A076F6DB0343" /* ofxOscSender.cpp */,
				"BE42E2DA-E816-47D5-B0B1-823227FA928E" /* ofxOscSender.h */,
			);
			path = src;
			sourceTree = "<group>";
		};
		"3FD33D3E-50E7-4751-9502-B2C5BEDA0225" /* options */ = {
			isa = PBXGroup;
			children = (
				"C0A909F4-0833-4755-8738-F4CE46E562C9" /* Options.h */,
				"09B7AE9A-138B-4749-9CE5-3E3D2071EE6F" /* optionparser.h */,
			);
			path = options;
			sourceTree = "<group>";
		};
		"499BD57C-C077-4E12-A626-8CC2D6677AB1" /* libs */ = {
			isa = PBXGroup;
			children = (
				"7684EC53-F009-495D-A48E-4E12DA5A02B5" /* oscpack */,
			);
			path = libs;
			sourceTree = "<group>";
		};
		"4F0D1264-E941-4D98-AF7E-1DCBA2A755A4" /* osx */ = {
			isa = PBXGroup;
			children = (
				"AC1179B2-5AEE-4639-8BA2-D65EE22C75F1" /* Syphon.framework */,
			);
			path = osx;
			sourceTree = "<group>";
		};
		"5FBC91E1-3C3D-486A-88F0-2AE58629A03A" /* src */ = {
			isa = PBXGroup;
			children = (
				"04EA6972-5E0E-4E0F-9ABA-F2C7BC55B361" /* bindings */,
				"64FC9AC3-703C-4E2D-B301-9FD5F73A5C4A" /* ofxLua.cpp */,
				"EC106771-BFB7-4FC8-B22C-EEF849F58278" /* ofxLua.h */,
				"2303D0B4-02D3-4433-815C-854194322556" /* ofxLuaFileWriter.cpp */,
				"3E417142-5254-4F1A-A5DD-43E48ED76BB6" /* ofxLuaFileWriter.h */,
			);
			path = src;
			sourceTree = "<group>";
		};
		"6A79DA98-65E0-42C5-8B6A-68ACCDDE3A4E" /* src */ = {
			isa = PBXGroup;
			children = (
				"D7CCD404-B739-4AC3-93FA-F16F98A5BE42" /* ofxSyphon.h */,
				"93901DB3-E791-4AE6-A336-4884C264C25C" /* ofxSyphonClient.h */,
				"41C6D619-2F99-415F-A4D4-E9B3A597637B" /* ofxSyphonClient.mm */,
				"51C9C672-05DE-48A7-A556-F413DBBA2DB3" /* ofxSyphonNSObject.hpp */,
				"DCA39B72-7590-45C6-87CB-BD9E23193590" /* ofxSyphonNSObject.mm */,
				"A78FC7B0-4F9A-4C1B-9A48-48F2D11A2D29" /* ofxSyphonServer.h */,
				"D866E0ED-3853-45CB-B300-AAE2E55C7F05" /* ofxSyphonServer.mm */,
				"4F3638E3-4479-47C6-B917-21FE494C0B1B" /* ofxSyphonServerDirectory.h */,
				"3E08D33B-D627-4E68-95F7-98B816609477" /* ofxSyphonServerDirectory.mm */,
			);
			path = src;
			sourceTree = "<group>";
		};
		"6AD53CD7-2BC7-4F0D-8ED5-DC1D7F55C078" /* desktop */ = {
			isa = PBXGroup;
			children = (
				"971F1C0A-EFB1-40E7-9E5A-0E8D90E01BE9" /* ofBindings.cpp */,
			);
			path = desktop;
			sourceTree = "<group>";
		};
		"7347F4C0-802B-4717-9D4B-3A1F5AADB672" /* bindings */ = {
			isa = PBXGroup;
			children = (
				"236CB844-B4E0-4D84-87E3-35016A0DDA3F" /* Loaf.h */,
				"CD0D59D1-6299-4652-BEC2-B815BC78CB09" /* loafBindings.cpp */,
				"E126161B-3E4F-49D5-90A4-F3CB9E5D33F6" /* macos */,
				"63939530-AB9D-480D-A257-E22A85896515" /* oscBindings.cpp */,
			);
			path = bindings;
			sourceTree = "<group>";
		};
		"73CC9E90-DBF3-4D8B-A655-647FEFD9172F" /* lib */ = {
			isa = PBXGroup;
			children = (
				"4F0D1264-E941-4D98-AF7E-1DCBA2A755A4" /* osx */,
			);
			path = lib;
			sourceTree = "<group>";
		};
		"7684EC53-F009-495D-A48E-4E12DA5A02B5" /* oscpack */ = {
			isa = PBXGroup;
			children = (
				"A96A0C36-F7CD-4784-A6A6-92B17A12B4B7" /* src */,
			);
			path = oscpack;
			sourceTree = "<group>";
		};
		"781DC044-3A42-422B-BAC8-529B5BF19E9A" /* osc */ = {
			isa = PBXGroup;
			children = (
				"A3AF9015-0464-461D-9962-4F4F3667C9C4" /* MessageMappingOscPacketListener.h */,
				"02E59B18-3212-4B1E-8F5E-442DADD29C2A" /* OscException.h */,
				"F2BE2F36-4FCE-492B-89DA-8C185B458683" /* OscHostEndianness.h */,
				"978AF024-CD0E-40B7-9D83-74A57B18B142" /* OscOutboundPacketStream.cpp */,
				"B2B3D53E-A058-4523-95BF-E8E9BFD12C26" /* OscOutboundPacketStream.h */,
				"0B638D6E-B11E-45DF-8CF9-015C8F2421AF" /* OscPacketListener.h */,
				"00680662-FFEC-48BA-B938-EF96CDE141D3" /* OscPrintReceivedElements.cpp */,
				"0B845ABD-53F0-4DF0-8728-386AB2130270" /* OscPrintReceivedElements.h */,
				"85A65E1C-1F48-4E47-BBE0-D133D5D5AD2E" /* OscReceivedElements.cpp */,
				"C6BA58D7-CCDE-424C-BECD-0AF94DBECDE9" /* OscReceivedElements.h */,
				"B1F13775-9119-417E-A90F-1B0ADBA4C840" /* OscTypes.cpp */,
				"07409621-E24E-4D12-A6B9-BADCFD818E00" /* OscTypes.h */,
			);
			path = osc;
			sourceTree = "<group>";
		};
		"7FBD01DF-1564-4903-8C1F-9E38372AFA53" /* src */ = {
			isa = PBXGroup;
			children = (
				"A8600158-A41E-430D-9137-B49D363D02A3" /* SyphonNameboundClient.h */,
				"99C7D2A5-4C70-4A99-B04A-971F1A882CBC" /* SyphonNameboundClient.m */,
			);
			path = src;
			sourceTree = "<group>";
		};
		"A51941D9-70EF-4834-AF94-D705AF7DFE4B" /* lua */ = {
			isa = PBXGroup;
			children = (
				"C68F75F5-A635-4D29-8B86-EAAC66C4B5FD" /* lapi.c */,
				"24527B1A-B528-400E-90AD-6FFCE0F9FBF9" /* lapi.h */,
				"B2FEA2E1-0C5E-427F-AFBB-FABCA6E5E831" /* lauxlib.c */,
				"6FAE2489-D9AC-40C5-AA13-AB0CF4C8A488" /* lauxlib.h */,
				"07E14B04-F605-4D1F-BE54-90D5155B853C" /* lbaselib.c */,
				"FA68C3AB-299E-4515-A5B1-91D15A0819D7" /* lbitlib.c */,
				"6570B627-3707-451A-92A2-3E71088FB0E1" /* lcode.c */,
				"62C4A2C7-228E-4496-8D39-4B0C5E9132DF" /* lcode.h */,
				"926FD2BC-BB21-494F-BE10-C4218FA9B13D" /* lcorolib.c */,
				"24AF73F3-190E-4DB2-9234-3FF5D04A240D" /* lctype.c */,
				"73136655-D2D4-4291-84B5-10B764FBB782" /* lctype.h */,
				"AC825A34-D670-42A4-96D5-5A64A5EFC697" /* ldblib.c */,
				"313A61FE-BA35-45D1-8664-97CEBA0BEABD" /* ldebug.c */,
				"21EF60AC-C9EA-41A2-AF74-68A5B81A6C1F" /* ldebug.h */,
				"18B2B557-2E86-413C-966E-5FFDA204AE7D" /* ldo.c */,
				"E3407046-5B6A-4E66-8790-84FBE44B93FB" /* ldo.h */,
				"E37FE261-4492-4A4E-B178-DFCFF29CB9FE" /* ldump.c */,
				"7B55CBC0-8B9C-49DD-9FE6-F44E17560944" /* lfunc.c */,
				"060C8FE3-5997-487E-864A-6AF18D508155" /* lfunc.h */,
				"AB6D1A93-3B61-4A76-B242-164FE73EAC11" /* lgc.c */,
				"96FC7F22-1A61-4DBA-A4C7-DD1CC714FAC6" /* lgc.h */,
				"213A8FD8-0D7E-4232-B700-856933330830" /* linit.c */,
				"43735AA0-4D05-470E-AB56-0C8CB1EC3C13" /* liolib.c */,
				"074D57F3-D872-4FE5-B0D6-6673D158D22C" /* ljumptab.h */,
				"23BA1E8F-8484-4869-822E-6027E1E8EBDA" /* llex.c */,
				"7A870C53-E2EC-487F-AEAB-D5F1D69A2588" /* llex.h */,
				"A2325F69-EC94-4BB5-8104-764D6BDE15BD" /* llimits.h */,
				"69CA9EDF-DA5A-4024-9E23-29568810EC01" /* lmathlib.c */,
				"AFD5FCAA-673E-4A55-B76B-D4EDC3C456DF" /* lmem.c */,
				"E2D234B8-132C-4DAA-B86A-D1B9FBF69E09" /* lmem.h */,
				"CB8E203A-9C06-48E8-AEEC-E7C7807B48D8" /* loadlib.c */,
				"A25F4FB9-2A6E-43C5-9351-576A369A0FF9" /* lobject.c */,
				"A182BA64-96A5-410F-8EAB-30F4277E4BB1" /* lobject.h */,
				"B6BC3F9C-915C-49B7-A6FF-9A88BBC1FF1A" /* lopcodes.c */,
				"60C14E0F-FE18-43BF-A608-3BBBA89B4712" /* lopcodes.h */,
				"3BB75AB3-4616-4490-B38D-65AE45F8B5A1" /* lopnames.h */,
				"9673BDA3-F7C0-4B98-A7E4-4B2A7CD18590" /* loslib.c */,
				"4C7F225C-853C-429F-BB81-5B12D2029268" /* lparser.c */,
				"E44F9598-B1EC-42BC-9E90-BAA728F2EB2C" /* lparser.h */,
				"9DD3DF9A-19E8-4319-B666-D65CDDCE3A50" /* lprefix.h */,
				"12EAE9D8-0F47-47D8-BEF8-C200DA3C2180" /* lstate.c */,
				"93F86C94-D763-47B0-99BB-E43789CC2383" /* lstate.h */,
				"CC062EE3-534C-49B0-97B7-8278FD9BED2A" /* lstring.c */,
				"F8BA51B0-6941-4D7E-B00F-E5362E154506" /* lstring.h */,
				"4EF6A233-234E-422C-9997-0E0D99FA069E" /* lstrlib.c */,
				"AF85D3ED-4F90-4B8A-B244-47136A533476" /* ltable.c */,
				"ADD878E7-A490-4823-BDD5-29B8F79CAEF7" /* ltable.h */,
				"CB4A5CF5-9FA5-4E73-A519-9705606B7F92" /* ltablib.c */,
				"A247FC81-DCA1-4415-8FC8-E8AB05861F96" /* ltm.c */,
				"A95284FB-C284-4585-8F91-12EB3F739424" /* ltm.h */,
				"BA795A82-0B67-4EFA-A420-6D382D3598F5" /* lua.h */,
				"9B55070A-C581-4A8D-8202-3AF92B7CFBD5" /* lua.hpp */,
				"CED49A9C-B6C4-45D3-BFEF-A33BD5ECA91F" /* luaconf.h */,
				"75349AE6-4177-4915-A6D5-E10C6F3F4B5A" /* lualib.h */,
				"B9FF7309-0592-4439-A7FB-AFCA19AEF395" /* lundump.c */,
				"E40C4FCD-8F55-4774-9435-C05F2F1D0A69" /* lundump.h */,
				"20FFEF23-5D7A-487B-98DE-923821D8A5F4" /* lutf8lib.c */,
				"BFB15DF3-6AAA-4577-8AC1-C750707E8C1D" /* lvm.c */,
				"E88A7FB6-8A85-47EE-BD9B-B33686431EB7" /* lvm.h */,
				"01D0E984-8B23-4ADA-8AFA-101B8AF6F91F" /* lzio.c */,
				"A5CF16DF-8DB8-4BE1-99E1-373A4449C72E" /* lzio.h */,
			);
			path = lua;
			sourceTree = "<group>";
		};
		"A96A0C36-F7CD-4784-A6A6-92B17A12B4B7" /* src */ = {
			isa = PBXGroup;
			children = (
				"BF3B495B-AB87-4667-9653-F02C675F72EF" /* ip */,
				"781DC044-3A42-422B-BAC8-529B5BF19E9A" /* osc */,
			);
			path = src;
			sourceTree = "<group>";
		};
		"B66F13AD-8BA5-400B-B222-BAC1BDB7FD68" /* Syphon */ = {
			isa = PBXGroup;
			children = (
				"7FBD01DF-1564-4903-8C1F-9E38372AFA53" /* src */,
				"73CC9E90-DBF3-4D8B-A655-647FEFD9172F" /* lib */,
			);
			path = Syphon;
			sourceTree = "<group>";
		};
		"B7ACFE75-738A-4F33-B6FA-1DB0EF7B335A" /* ofxLua */ = {
			isa = PBXGroup;
			children = (
				"D932EAEF-FB44-4C52-8432-576293D33988" /* libs */,
				"5FBC91E1-3C3D-486A-88F0-2AE58629A03A" /* src */,
			);
			path = ofxLua;
			sourceTree = "<group>";
		};
		BB4B014C10F69532006C3DED /* addons */ = {
			isa = PBXGroup;
			children = (
				"B7ACFE75-738A-4F33-B6FA-1DB0EF7B335A" /* ofxLua */,
				"1350DE2A-3166-40C3-9F94-74F98A8F524C" /* ofxOsc */,
				"C1A0BEAC-62C2-43B7-A0D1-D82CF1C0BF97" /* ofxSyphon */,
			);
			name = addons;
			path = ../../../addons;
			sourceTree = SOURCE_ROOT;
		};
		"BF3B495B-AB87-4667-9653-F02C675F72EF" /* ip */ = {
			isa = PBXGroup;
			children = (
				"7278D63A-0A59-4090-82BD-FA181BD8C4EF" /* IpEndpointName.cpp */,
				"0F225E26-FBC8-482D-AC6C-84E473638D21" /* IpEndpointName.h */,
				"02383C6B-AEF6-4C09-B0AC-44288A733ED6" /* NetworkingUtils.h */,
				"E3A748B0-2535-4C4A-AC83-123D9450C14E" /* PacketListener.h */,
				"189B2CC5-C90A-4957-82D6-7BC8BF409351" /* TimerListener.h */,
				"48A31E3F-05CE-4E72-9B26-594F9AF1C99C" /* UdpSocket.h */,
				"1A3D89A5-89BC-4B06-9E7D-0C699143F9F5" /* posix */,
			);
			path = ip;
			sourceTree = "<group>";
		};
		"C1A0BEAC-62C2-43B7-A0D1-D82CF1C0BF97" /* ofxSyphon */ = {
			isa = PBXGroup;
			children = (
				"CBF9D1CB-D534-4283-A5EE-D9EDD608911B" /* libs */,
				"6A79DA98-65E0-42C5-8B6A-68ACCDDE3A4E" /* src */,
			);
			path = ofxSyphon;
			sourceTree = "<group>";
		};
		"CBF9D1CB-D534-4283-A5EE-D9EDD608911B" /* libs */ = {
			isa = PBXGroup;
			children = (
				"B66F13AD-8BA5-400B-B222-BAC1BDB7FD68" /* Syphon */,
			);
			path = libs;
			sourceTree = "<group>";
		};
		"D932EAEF-FB44-4C52-8432-576293D33988" /* libs */ = {
			isa = PBXGroup;
			children = (
				"A51941D9-70EF-4834-AF94-D705AF7DFE4B" /* lua */,
			);
			path = libs;
			sourceTree = "<group>";
		};
		"E126161B-3E4F-49D5-90A4-F3CB9E5D33F6" /* macos */ = {
			isa = PBXGroup;
			children = (
				"5A4FDC27-77C5-4400-B486-1C8F9B105917" /* syphonBindings.cpp */,
			);
			path = macos;
			sourceTree = "<group>";
		};
		E4B69B4A0A3A1720003C02F2 = {
			isa = PBXGroup;
			children = (
				191CD6FA2847E21E0085CBB6 /* of.entitlements */,
				E4B6FCAD0C3E899E008CF71C /* openFrameworks-Info.plist */,
				E4EB6923138AFD0F00A09F29 /* Project.xcconfig */,
				E4B69E1C0A3A1BDC003C02F2 /* src */,
				191EF70929D778A400F35F26 /* openFrameworks */,
				BB4B014C10F69532006C3DED /* addons */,
				E4B69B5B0A3A1756003C02F2 /* loafDebug.app */,
				"E415F3BF-49FB-4B4A-AE16-A731007D9219" /* App.xcconfig */,
				"B0B114D7-D583-405C-A2C5-18575AC077F6" /* data */,
			);
			sourceTree = "<group>";
		};
		E4B69E1C0A3A1BDC003C02F2 /* src */ = {
			isa = PBXGroup;
			children = (
				E4B69E1D0A3A1BDC003C02F2 /* main.cpp */,
				E4B69E1E0A3A1BDC003C02F2 /* ofApp.cpp */,
				E4B69E1F0A3A1BDC003C02F2 /* ofApp.h */,
				"520C3AE9-C89D-4BDC-A2B3-45023C31D7AC" /* CommandLine.cpp */,
				"75BEF6A8-F5D5-4D66-BA10-0B122333A964" /* CommandLine.h */,
				"3FAC9E14-5F4A-4CC4-8A75-D0F826BBF0AB" /* PathWatcher.h */,
				"095E8747-249C-4954-97AD-6575B7612614" /* Script.cpp */,
				"D7A49F6D-DF07-4EEB-9B5F-66DF689A8624" /* Script.h */,
				"DFB060FF-EF8F-46D0-A253-B48ED21063E1" /* Syphon.cpp */,
				"E01AFC08-C489-4E36-A383-0FFC9E61EF97" /* Syphon.h */,
				"2CE684EE-14FB-454C-A315-4B80AD64E689" /* Util.cpp */,
				"85E576AC-6961-4B06-843F-4BEFCA30AFF9" /* Util.h */,
				"7347F4C0-802B-4717-9D4B-3A1F5AADB672" /* bindings */,
				"A042EDE8-9F2C-42D3-9436-6F69E9506D00" /* config.h */,
				"3FD33D3E-50E7-4751-9502-B2C5BEDA0225" /* options */,
			);
			path = src;
			sourceTree = SOURCE_ROOT;
		};
/* End PBXGroup section */

/* Begin PBXNativeTarget section */
		E4B69B5A0A3A1756003C02F2 /* loaf */ = {
			isa = PBXNativeTarget;
			buildConfigurationList = E4B69B5F0A3A1757003C02F2 /* Build configuration list for PBXNativeTarget "loaf" */;
			buildPhases = (
				E42962A92163ECCD00A6A9E2 /* Run Script — Compile OF */,
				E4B69B580A3A1756003C02F2 /* Sources */,
				E4B69B590A3A1756003C02F2 /* Frameworks */,
				E4C2427710CC5ABF004149E2 /* CopyFiles */,
				E4A5B60F29BAAAE400C2D356 /* CopyFiles */,
				19B789C429E5AB4A0082E9B8 /* ShellScript */,
			);
			buildRules = (
			);
			dependencies = (
			);
			name = loaf;
			productName = myOFApp;
			productReference = E4B69B5B0A3A1756003C02F2 /* loafDebug.app */;
			productType = "com.apple.product-type.application";
		};
/* End PBXNativeTarget section */

/* Begin PBXProject section */
		E4B69B4C0A3A1720003C02F2 /* Project object */ = {
			isa = PBXProject;
			attributes = {
				BuildIndependentTargetsInParallel = YES;
				LastUpgradeCheck = 1540;
			};
			buildConfigurationList = E4B69B4D0A3A1720003C02F2 /* Build configuration list for PBXProject "loaf" */;
			compatibilityVersion = "Xcode 3.2";
			developmentRegion = en;
			hasScannedForEncodings = 0;
			knownRegions = (
				en,
				Base,
			);
			mainGroup = E4B69B4A0A3A1720003C02F2;
			productRefGroup = E4B69B4A0A3A1720003C02F2;
			projectDirPath = "";
			projectRoot = "";
			targets = (
				E4B69B5A0A3A1756003C02F2 /* loaf */,
			);
		};
/* End PBXProject section */

/* Begin PBXShellScriptBuildPhase section */
		19B789C429E5AB4A0082E9B8 /* ShellScript */ = {
			isa = PBXShellScriptBuildPhase;
			alwaysOutOfDate = 1;
			buildActionMask = 2147483647;
			files = (
			);
			inputFileListPaths = (
			);
			inputPaths = (
			);
			outputFileListPaths = (
			);
			outputPaths = (
			);
			runOnlyForDeploymentPostprocessing = 0;
			shellPath = /bin/sh;
			shellScript = "\"$OF_PATH/scripts/osx/xcode_project.sh\"\n";
			showEnvVarsInLog = 0;
		};
		E42962A92163ECCD00A6A9E2 /* Run Script — Compile OF */ = {
			isa = PBXShellScriptBuildPhase;
			alwaysOutOfDate = 1;
			buildActionMask = 2147483647;
			files = (
			);
			inputPaths = (
			);
			name = "Run Script — Compile OF";
			outputPaths = (
			);
			runOnlyForDeploymentPostprocessing = 0;
			shellPath = /bin/sh;
			shellScript = "$OF_CORE_BUILD_COMMAND\n";
			showEnvVarsInLog = 0;
		};
/* End PBXShellScriptBuildPhase section */

/* Begin PBXSourcesBuildPhase section */
		E4B69B580A3A1756003C02F2 /* Sources */ = {
			isa = PBXSourcesBuildPhase;
			buildActionMask = 2147483647;
			files = (
				E4B69E200A3A1BDC003C02F2 /* main.cpp in Sources */,
				E4B69E210A3A1BDC003C02F2 /* ofApp.cpp in Sources */,
				"0604DCBD-8BC7-45C3-8C46-0F06F0191350" /* CommandLine.cpp in Sources */,
				"DBC43B41-5AC4-4627-A7F4-4E214992E863" /* Script.cpp in Sources */,
				"FD6FFA1F-2318-4BD3-A826-E6983CA81A84" /* Syphon.cpp in Sources */,
				"D9FC9094-D9B5-4E9A-99AD-EB8D5A962CA1" /* Util.cpp in Sources */,
				"3C603B6E-38F9-4981-8DB3-4148EA61C47E" /* loafBindings.cpp in Sources */,
				"B7D404D9-F6B8-4AE6-9A6B-2631526DADC3" /* syphonBindings.cpp in Sources */,
				"06E54644-6E5C-4C44-9EC2-0FC4922FBEDE" /* oscBindings.cpp in Sources */,
				"937D095F-4F23-49F0-9CD9-1155DABF760F" /* lapi.c in Sources */,
				"C2EE5753-6A31-47A2-AD56-A370FB9C714F" /* lauxlib.c in Sources */,
				"A6D4AFAC-5AD7-4B2F-9E23-5D3F6C732736" /* lbaselib.c in Sources */,
				"C032240A-9128-444B-B5D3-F91DF364D692" /* lbitlib.c in Sources */,
				"729FA9A0-34B9-4C23-AA1E-697D9874D5BA" /* lcode.c in Sources */,
				"7A5A066E-E93E-4F77-AF58-89B769B56413" /* lcorolib.c in Sources */,
				"10832BE2-587F-4307-8C75-354E65FFD8F3" /* lctype.c in Sources */,
				"759275C9-1D48-49C5-A11E-6D3C274E60BF" /* ldblib.c in Sources */,
				"6A8E4521-9FD7-4621-985E-5332E5B497E1" /* ldebug.c in Sources */,
				"3AC45A51-D202-4417-A798-CAB405B160C7" /* ldo.c in Sources */,
				"18DCEBCD-78DC-4310-AE6B-8B1A8E7F0B92" /* ldump.c in Sources */,
				"3C7120DE-0C80-4EC9-8753-911D15B05FBE" /* lfunc.c in Sources */,
				"3E79F75B-F3F3-4362-94B3-EB05C7E902F1" /* lgc.c in Sources */,
				"4F2D0EBE-A6BA-4928-BE5D-FDE2752BC681" /* linit.c in Sources */,
				"D395931A-3425-4814-B74E-05AA491EBE0C" /* liolib.c in Sources */,
				"7A4474DD-F287-4624-B28D-4BF9B3922B33" /* llex.c in Sources */,
				"C2573368-6F5A-42FC-A9B0-47342AEB34D7" /* lmathlib.c in Sources */,
				"76119662-EA1F-4B10-80D2-648CDA063450" /* lmem.c in Sources */,
				"9CDEC4C0-0AE6-4DB5-AD8A-A1CD290DE51D" /* loadlib.c in Sources */,
				"DA517B89-DF02-4AFE-836E-7D8303FC88A2" /* lobject.c in Sources */,
				"0F0F90FB-85B4-4D39-A6B9-062D5942426B" /* lopcodes.c in Sources */,
				"F40B4405-4998-4C96-9B71-7410C16133FF" /* loslib.c in Sources */,
				"44CDB78A-6FBE-4A0B-8822-2CFFEECAE15F" /* lparser.c in Sources */,
				"B87B306D-4D70-43EA-8ED0-EB051C8FE34E" /* lstate.c in Sources */,
				"221813E7-B341-4686-92E2-871B8B49E1E0" /* lstring.c in Sources */,
				"330681E0-09F3-4050-AE5B-E927A16E357A" /* lstrlib.c in Sources */,
				"BB047BBB-8A18-4856-912D-1F523A0A48C2" /* ltable.c in Sources */,
				"A5F7738B-323D-4FF8-B995-BD43B2303193" /* ltablib.c in Sources */,
				"F1861E73-0909-4871-BC05-FFD586354404" /* ltm.c in Sources */,
				"BED835D6-903E-4ABC-A0DE-BD010CB3E186" /* lundump.c in Sources */,
				"E6A0F12E-3608-41B9-94CB-32318541C8D7" /* lutf8lib.c in Sources */,
				"E60172A3-490A-441E-B19F-B1730CE17160" /* lvm.c in Sources */,
				"2115AEFE-6982-4685-B5A3-956236EB2A3A" /* lzio.c in Sources */,
				"9B0CA00F-D3E7-4B92-A6B5-E483A7AC6EBA" /* ofBindings.cpp in Sources */,
				"56B3703E-334F-465F-816F-2DC5ADE95D79" /* glmBindings.cpp in Sources */,
				"2B9E8C9C-9A23-4DD1-82D8-5ABC94D28E93" /* ofxLua.cpp in Sources */,
				"827BB7FB-539A-4863-AC8B-F5CFDEE3E88D" /* ofxLuaFileWriter.cpp in Sources */,
				"05253F1B-F8EE-4F32-ABCE-8752A7491E5F" /* IpEndpointName.cpp in Sources */,
				"16F3E5CC-BDD5-47CE-A364-8BF226617E1C" /* NetworkingUtils.cpp in Sources */,
				"A2AF4F95-3244-4EC9-844A-F93C945F8F8C" /* UdpSocket.cpp in Sources */,
				"B53F3955-44C9-4039-BACC-FC8F2372F90A" /* OscOutboundPacketStream.cpp in Sources */,
				"6FBAD602-A368-4634-974F-1967EBE5D96E" /* OscPrintReceivedElements.cpp in Sources */,
				"AFCC71BB-8297-46FE-9C3C-B3878A5FF0A0" /* OscReceivedElements.cpp in Sources */,
				"BD9C0AFF-73C2-4B67-8E53-0D07DDF2BDF9" /* OscTypes.cpp in Sources */,
				"714A334B-36C3-4A37-A1B0-7805BD08C883" /* ofxOscBundle.cpp in Sources */,
				"FCE8BDE3-EB49-4BB1-AE2B-19D68C1A5FB2" /* ofxOscMessage.cpp in Sources */,
				"7056B0EF-0CEA-4BC3-A088-39315CF64FB0" /* ofxOscParameterSync.cpp in Sources */,
				"5BF36E8A-5656-43E3-BD88-EA816DBF063A" /* ofxOscReceiver.cpp in Sources */,
				"8A2C3F77-1880-4D58-B9A3-405361C7E10B" /* ofxOscSender.cpp in Sources */,
				"57900F48-3D50-49E8-92AF-C4389B22B056" /* SyphonNameboundClient.m in Sources */,
				"D50286FC-DE2D-414A-9EF0-C9FEFAD97CD5" /* ofxSyphonClient.mm in Sources */,
				"D0C9AB4E-05D8-4838-8BC0-12603AE6EEB8" /* ofxSyphonNSObject.mm in Sources */,
				"0A5D182E-BFFF-479D-BF50-3E21705E89D8" /* ofxSyphonServer.mm in Sources */,
				"3FC717CB-EA1A-4CCA-8424-1C4F998FD697" /* ofxSyphonServerDirectory.mm in Sources */,
			);
			runOnlyForDeploymentPostprocessing = 0;
		};
/* End PBXSourcesBuildPhase section */

/* Begin XCBuildConfiguration section */
		E4B69B4E0A3A1720003C02F2 /* Debug */ = {
			isa = XCBuildConfiguration;
			baseConfigurationReference = E4EB6923138AFD0F00A09F29 /* Project.xcconfig */;
			buildSettings = {
				CODE_SIGN_ENTITLEMENTS = of.entitlements;
				COPY_PHASE_STRIP = NO;
				ENABLE_TESTABILITY = YES;
				GCC_OPTIMIZATION_LEVEL = 0;
				GCC_WARN_UNUSED_VARIABLE = NO;
				HEADER_SEARCH_PATHS = (
					"$(OF_CORE_HEADERS)",
					src,
				);
				OTHER_CPLUSPLUSFLAGS = "-D__MACOSX_CORE__";
			};
			name = Debug;
		};
		E4B69B4F0A3A1720003C02F2 /* Release */ = {
			isa = XCBuildConfiguration;
			baseConfigurationReference = E4EB6923138AFD0F00A09F29 /* Project.xcconfig */;
			buildSettings = {
				CODE_SIGN_ENTITLEMENTS = of.entitlements;
				COPY_PHASE_STRIP = YES;
				GCC_OPTIMIZATION_LEVEL = 3;
				GCC_UNROLL_LOOPS = YES;
				HEADER_SEARCH_PATHS = (
					"$(OF_CORE_HEADERS)",
					src,
				);
				OTHER_CPLUSPLUSFLAGS = "-D__MACOSX_CORE__";
			};
			name = Release;
		};
		E4B69B600A3A1757003C02F2 /* Debug */ = {
			isa = XCBuildConfiguration;
			baseConfigurationReference = E4EB6923138AFD0F00A09F29 /* Project.xcconfig */;
			buildSettings = {
				ARCHS = "$(ARCHS_STANDARD)";
				CODE_SIGN_IDENTITY = "Apple Development";
				CODE_SIGN_STYLE = Automatic;
				COPY_PHASE_STRIP = NO;
				DEVELOPMENT_TEAM = 3567T5L8KK;
				FRAMEWORK_SEARCH_PATHS = (
					"$(inherited)",
					../../../addons/ofxSyphon/libs/Syphon/lib/osx,
				);
				GCC_DYNAMIC_NO_PIC = NO;
				HEADER_SEARCH_PATHS = (
					"$(OF_CORE_HEADERS)",
					src,
					src,
					src/bindings,
					src/bindings/macos,
					src/options,
					../../../addons/ofxLua/libs,
					../../../addons/ofxLua/libs/lua,
					../../../addons/ofxLua/src,
					../../../addons/ofxLua/src/bindings,
					../../../addons/ofxLua/src/bindings/desktop,
					../../../addons/ofxLua/src/bindings/ios,
					../../../addons/ofxLua/src/bindings/linuxarm,
					../../../addons/ofxOsc/libs,
					../../../addons/ofxOsc/libs/oscpack,
					../../../addons/ofxOsc/libs/oscpack/src,
					../../../addons/ofxOsc/libs/oscpack/src/ip,
					../../../addons/ofxOsc/libs/oscpack/src/ip/posix,
					../../../addons/ofxOsc/libs/oscpack/src/osc,
					../../../addons/ofxOsc/src,
					../../../addons/ofxSyphon/libs,
					../../../addons/ofxSyphon/libs/Syphon,
					../../../addons/ofxSyphon/libs/Syphon/lib,
					../../../addons/ofxSyphon/libs/Syphon/lib/osx,
					../../../addons/ofxSyphon/libs/Syphon/lib/osx/Syphon.framework,
					../../../addons/ofxSyphon/libs/Syphon/lib/osx/Syphon.framework/Versions,
					../../../addons/ofxSyphon/libs/Syphon/lib/osx/Syphon.framework/Versions/A,
					../../../addons/ofxSyphon/libs/Syphon/lib/osx/Syphon.framework/Versions/A,
					../../../addons/ofxSyphon/libs/Syphon/lib/osx/Syphon.framework/Versions/A/Headers,
					../../../addons/ofxSyphon/libs/Syphon/lib/osx/Syphon.framework/Versions/A/Headers,
					../../../addons/ofxSyphon/libs/Syphon/lib/osx/Syphon.framework/Versions/A/Headers,
					../../../addons/ofxSyphon/libs/Syphon/lib/osx/Syphon.framework/Versions/A/Modules,
					../../../addons/ofxSyphon/libs/Syphon/lib/osx/Syphon.framework/Versions/A/Modules,
					../../../addons/ofxSyphon/libs/Syphon/lib/osx/Syphon.framework/Versions/A/Modules,
					../../../addons/ofxSyphon/libs/Syphon/lib/osx/Syphon.framework/Versions/A/Resources,
					../../../addons/ofxSyphon/libs/Syphon/lib/osx/Syphon.framework/Versions/A/Resources,
					../../../addons/ofxSyphon/libs/Syphon/lib/osx/Syphon.framework/Versions/A/Resources,
					../../../addons/ofxSyphon/libs/Syphon/lib/osx/Syphon.framework/Versions/A/Resources/en.lproj,
					../../../addons/ofxSyphon/libs/Syphon/lib/osx/Syphon.framework/Versions/A/Resources/en.lproj,
					../../../addons/ofxSyphon/libs/Syphon/lib/osx/Syphon.framework/Versions/A/Resources/en.lproj,
					../../../addons/ofxSyphon/libs/Syphon/lib/osx/Syphon.framework/Versions/A/_CodeSignature,
					../../../addons/ofxSyphon/libs/Syphon/lib/osx/Syphon.framework/Versions/A/_CodeSignature,
					../../../addons/ofxSyphon/libs/Syphon/src,
					../../../addons/ofxSyphon/src,
				);
				LIBRARY_SEARCH_PATHS = "$(inherited)";
				MARKETING_VERSION = 1.8.0;
				OTHER_CFLAGS = (
					"-DLUA_USE_MACOSX",
					"-F../../../addons/ofxSyphon/libs/Syphon/lib/osx/",
				);
				OTHER_LDFLAGS = (
					"$(OF_CORE_LIBS)",
					"$(OF_CORE_FRAMEWORKS)",
					"$(LIB_OF_DEBUG)",
					"-F../../../addons/ofxSyphon/libs/Syphon/lib/osx/",
					"-framework",
					Syphon,
				);
				PROVISIONING_PROFILE_SPECIFIER = "";
			};
			name = Debug;
		};
		E4B69B610A3A1757003C02F2 /* Release */ = {
			isa = XCBuildConfiguration;
			baseConfigurationReference = E4EB6923138AFD0F00A09F29 /* Project.xcconfig */;
			buildSettings = {
				ARCHS = "$(ARCHS_STANDARD)";
				CODE_SIGN_IDENTITY = "Apple Development";
				CODE_SIGN_STYLE = Automatic;
				COPY_PHASE_STRIP = YES;
				DEVELOPMENT_TEAM = 3567T5L8KK;
				FRAMEWORK_SEARCH_PATHS = (
					"$(inherited)",
					../../../addons/ofxSyphon/libs/Syphon/lib/osx,
				);
				HEADER_SEARCH_PATHS = (
					"$(OF_CORE_HEADERS)",
					src,
					src,
					src/bindings,
					src/bindings/macos,
					src/options,
					../../../addons/ofxLua/libs,
					../../../addons/ofxLua/libs/lua,
					../../../addons/ofxLua/src,
					../../../addons/ofxLua/src/bindings,
					../../../addons/ofxLua/src/bindings/desktop,
					../../../addons/ofxLua/src/bindings/ios,
					../../../addons/ofxLua/src/bindings/linuxarm,
					../../../addons/ofxOsc/libs,
					../../../addons/ofxOsc/libs/oscpack,
					../../../addons/ofxOsc/libs/oscpack/src,
					../../../addons/ofxOsc/libs/oscpack/src/ip,
					../../../addons/ofxOsc/libs/oscpack/src/ip/posix,
					../../../addons/ofxOsc/libs/oscpack/src/osc,
					../../../addons/ofxOsc/src,
					../../../addons/ofxSyphon/libs,
					../../../addons/ofxSyphon/libs/Syphon,
					../../../addons/ofxSyphon/libs/Syphon/lib,
					../../../addons/ofxSyphon/libs/Syphon/lib/osx,
					../../../addons/ofxSyphon/libs/Syphon/lib/osx/Syphon.framework,
					../../../addons/ofxSyphon/libs/Syphon/lib/osx/Syphon.framework/Versions,
					../../../addons/ofxSyphon/libs/Syphon/lib/osx/Syphon.framework/Versions/A,
					../../../addons/ofxSyphon/libs/Syphon/lib/osx/Syphon.framework/Versions/A,
					../../../addons/ofxSyphon/libs/Syphon/lib/osx/Syphon.framework/Versions/A/Headers,
					../../../addons/ofxSyphon/libs/Syphon/lib/osx/Syphon.framework/Versions/A/Headers,
					../../../addons/ofxSyphon/libs/Syphon/lib/osx/Syphon.framework/Versions/A/Headers,
					../../../addons/ofxSyphon/libs/Syphon/lib/osx/Syphon.framework/Versions/A/Modules,
					../../../addons/ofxSyphon/libs/Syphon/lib/osx/Syphon.framework/Versions/A/Modules,
					../../../addons/ofxSyphon/libs/Syphon/lib/osx/Syphon.framework/Versions/A/Modules,
					../../../addons/ofxSyphon/libs/Syphon/lib/osx/Syphon.framework/Versions/A/Resources,
					../../../addons/ofxSyphon/libs/Syphon/lib/osx/Syphon.framework/Versions/A/Resources,
					../../../addons/ofxSyphon/libs/Syphon/lib/osx/Syphon.framework/Versions/A/Resources,
					../../../addons/ofxSyphon/libs/Syphon/lib/osx/Syphon.framework/Versions/A/Resources/en.lproj,
					../../../addons/ofxSyphon/libs/Syphon/lib/osx/Syphon.framework/Versions/A/Resources/en.lproj,
					../../../addons/ofxSyphon/libs/Syphon/lib/osx/Syphon.framework/Versions/A/Resources/en.lproj,
					../../../addons/ofxSyphon/libs/Syphon/lib/osx/Syphon.framework/Versions/A/_CodeSignature,
					../../../addons/ofxSyphon/libs/Syphon/lib/osx/Syphon.framework/Versions/A/_CodeSignature,
					../../../addons/ofxSyphon/libs/Syphon/src,
					../../../addons/ofxSyphon/src,
				);
				LIBRARY_SEARCH_PATHS = "$(inherited)";
				MARKETING_VERSION = 1.8.0;
				OTHER_CFLAGS = (
					"-DLUA_USE_MACOSX",
					"-F../../../addons/ofxSyphon/libs/Syphon/lib/osx/",
				);
				OTHER_LDFLAGS = (
					"$(OF_CORE_LIBS)",
					"$(OF_CORE_FRAMEWORKS)",
					"$(LIB_OF_RELEASE)",
					"-F../../../addons/ofxSyphon/libs/Syphon/lib/osx/",
					"-framework",
					Syphon,
				);
				PROVISIONING_PROFILE_SPECIFIER = "";
				baseConfigurationReference = E4EB6923138AFD0F00A09F29;
			};
			name = Release;
		};
/* End XCBuildConfiguration section */

/* Begin XCConfigurationList section */
		E4B69B4D0A3A1720003C02F2 /* Build configuration list for PBXProject "loaf" */ = {
			isa = XCConfigurationList;
			buildConfigurations = (
				E4B69B4E0A3A1720003C02F2 /* Debug */,
				E4B69B4F0A3A1720003C02F2 /* Release */,
			);
			defaultConfigurationIsVisible = 0;
			defaultConfigurationName = Release;
		};
		E4B69B5F0A3A1757003C02F2 /* Build configuration list for PBXNativeTarget "loaf" */ = {
			isa = XCConfigurationList;
			buildConfigurations = (
				E4B69B600A3A1757003C02F2 /* Debug */,
				E4B69B610A3A1757003C02F2 /* Release */,
			);
			defaultConfigurationIsVisible = 0;
			defaultConfigurationName = Release;
		};
/* End XCConfigurationList section */
	};
	rootObject = E4B69B4C0A3A1720003C02F2 /* Project object */;
}
